// !$*UTF8*$!
{
	archiveVersion = 1;
	classes = {
	};
	objectVersion = 50;
	objects = {

/* Begin PBXBuildFile section */
		DC4E06F224EBE6E20067CABD /* KNumber.swift in Sources */ = {isa = PBXBuildFile; fileRef = DC4E06F124EBE6E20067CABD /* KNumber.swift */; };
		DC60840824F28AD30064E027 /* GymSuit.swift in Sources */ = {isa = PBXBuildFile; fileRef = DC60840724F28AD30064E027 /* GymSuit.swift */; };
		DCF7307224CA1C1F000A92F5 /* AppDelegate.swift in Sources */ = {isa = PBXBuildFile; fileRef = DCF7307124CA1C1F000A92F5 /* AppDelegate.swift */; };
		DCF7307424CA1C1F000A92F5 /* SceneDelegate.swift in Sources */ = {isa = PBXBuildFile; fileRef = DCF7307324CA1C1F000A92F5 /* SceneDelegate.swift */; };
		DCF7307624CA1C1F000A92F5 /* ViewController.swift in Sources */ = {isa = PBXBuildFile; fileRef = DCF7307524CA1C1F000A92F5 /* ViewController.swift */; };
		DCF7307924CA1C1F000A92F5 /* Main.storyboard in Resources */ = {isa = PBXBuildFile; fileRef = DCF7307724CA1C1F000A92F5 /* Main.storyboard */; };
		DCF7307B24CA1C20000A92F5 /* Assets.xcassets in Resources */ = {isa = PBXBuildFile; fileRef = DCF7307A24CA1C20000A92F5 /* Assets.xcassets */; };
		DCF7307E24CA1C20000A92F5 /* LaunchScreen.storyboard in Resources */ = {isa = PBXBuildFile; fileRef = DCF7307C24CA1C20000A92F5 /* LaunchScreen.storyboard */; };
		DCF7308624CA1C33000A92F5 /* Crane Game.swift in Sources */ = {isa = PBXBuildFile; fileRef = DCF7308524CA1C33000A92F5 /* Crane Game.swift */; };
		DCF7308824CA1C5B000A92F5 /* Mock Exam.swift in Sources */ = {isa = PBXBuildFile; fileRef = DCF7308724CA1C5B000A92F5 /* Mock Exam.swift */; };
/* End PBXBuildFile section */

/* Begin PBXFileReference section */
		DC4E06F124EBE6E20067CABD /* KNumber.swift */ = {isa = PBXFileReference; lastKnownFileType = sourcecode.swift; path = KNumber.swift; sourceTree = "<group>"; };
		DC60840724F28AD30064E027 /* GymSuit.swift */ = {isa = PBXFileReference; lastKnownFileType = sourcecode.swift; path = GymSuit.swift; sourceTree = "<group>"; };
		DCF7306E24CA1C1F000A92F5 /* Programmers.app */ = {isa = PBXFileReference; explicitFileType = wrapper.application; includeInIndex = 0; path = Programmers.app; sourceTree = BUILT_PRODUCTS_DIR; };
		DCF7307124CA1C1F000A92F5 /* AppDelegate.swift */ = {isa = PBXFileReference; lastKnownFileType = sourcecode.swift; path = AppDelegate.swift; sourceTree = "<group>"; };
		DCF7307324CA1C1F000A92F5 /* SceneDelegate.swift */ = {isa = PBXFileReference; lastKnownFileType = sourcecode.swift; path = SceneDelegate.swift; sourceTree = "<group>"; };
		DCF7307524CA1C1F000A92F5 /* ViewController.swift */ = {isa = PBXFileReference; lastKnownFileType = sourcecode.swift; path = ViewController.swift; sourceTree = "<group>"; };
		DCF7307824CA1C1F000A92F5 /* Base */ = {isa = PBXFileReference; lastKnownFileType = file.storyboard; name = Base; path = Base.lproj/Main.storyboard; sourceTree = "<group>"; };
		DCF7307A24CA1C20000A92F5 /* Assets.xcassets */ = {isa = PBXFileReference; lastKnownFileType = folder.assetcatalog; path = Assets.xcassets; sourceTree = "<group>"; };
		DCF7307D24CA1C20000A92F5 /* Base */ = {isa = PBXFileReference; lastKnownFileType = file.storyboard; name = Base; path = Base.lproj/LaunchScreen.storyboard; sourceTree = "<group>"; };
		DCF7307F24CA1C20000A92F5 /* Info.plist */ = {isa = PBXFileReference; lastKnownFileType = text.plist.xml; path = Info.plist; sourceTree = "<group>"; };
		DCF7308524CA1C33000A92F5 /* Crane Game.swift */ = {isa = PBXFileReference; lastKnownFileType = sourcecode.swift; path = "Crane Game.swift"; sourceTree = "<group>"; };
		DCF7308724CA1C5B000A92F5 /* Mock Exam.swift */ = {isa = PBXFileReference; lastKnownFileType = sourcecode.swift; path = "Mock Exam.swift"; sourceTree = "<group>"; };
/* End PBXFileReference section */

/* Begin PBXFrameworksBuildPhase section */
		DCF7306B24CA1C1F000A92F5 /* Frameworks */ = {
			isa = PBXFrameworksBuildPhase;
			buildActionMask = 2147483647;
			files = (
			);
			runOnlyForDeploymentPostprocessing = 0;
		};
/* End PBXFrameworksBuildPhase section */

/* Begin PBXGroup section */
		DCF7306524CA1C1E000A92F5 = {
			isa = PBXGroup;
			children = (
				DCF7307024CA1C1F000A92F5 /* Programmers */,
				DCF7306F24CA1C1F000A92F5 /* Products */,
			);
			sourceTree = "<group>";
		};
		DCF7306F24CA1C1F000A92F5 /* Products */ = {
			isa = PBXGroup;
			children = (
				DCF7306E24CA1C1F000A92F5 /* Programmers.app */,
			);
			name = Products;
			sourceTree = "<group>";
		};
		DCF7307024CA1C1F000A92F5 /* Programmers */ = {
			isa = PBXGroup;
			children = (
				DCF7308924CA1C60000A92F5 /* source */,
				DCF7307124CA1C1F000A92F5 /* AppDelegate.swift */,
				DCF7307324CA1C1F000A92F5 /* SceneDelegate.swift */,
				DCF7307524CA1C1F000A92F5 /* ViewController.swift */,
				DCF7307724CA1C1F000A92F5 /* Main.storyboard */,
				DCF7307A24CA1C20000A92F5 /* Assets.xcassets */,
				DCF7307C24CA1C20000A92F5 /* LaunchScreen.storyboard */,
				DCF7307F24CA1C20000A92F5 /* Info.plist */,
			);
			path = Programmers;
			sourceTree = "<group>";
		};
		DCF7308924CA1C60000A92F5 /* source */ = {
			isa = PBXGroup;
			children = (
				DCF7308524CA1C33000A92F5 /* Crane Game.swift */,
				DCF7308724CA1C5B000A92F5 /* Mock Exam.swift */,
				DC4E06F124EBE6E20067CABD /* KNumber.swift */,
				DC60840724F28AD30064E027 /* GymSuit.swift */,
			);
			path = source;
			sourceTree = "<group>";
		};
/* End PBXGroup section */

/* Begin PBXNativeTarget section */
		DCF7306D24CA1C1F000A92F5 /* Programmers */ = {
			isa = PBXNativeTarget;
			buildConfigurationList = DCF7308224CA1C20000A92F5 /* Build configuration list for PBXNativeTarget "Programmers" */;
			buildPhases = (
				DCF7306A24CA1C1F000A92F5 /* Sources */,
				DCF7306B24CA1C1F000A92F5 /* Frameworks */,
				DCF7306C24CA1C1F000A92F5 /* Resources */,
			);
			buildRules = (
			);
			dependencies = (
			);
			name = Programmers;
			productName = Programmers;
			productReference = DCF7306E24CA1C1F000A92F5 /* Programmers.app */;
			productType = "com.apple.product-type.application";
		};
/* End PBXNativeTarget section */

/* Begin PBXProject section */
		DCF7306624CA1C1E000A92F5 /* Project object */ = {
			isa = PBXProject;
			attributes = {
				LastSwiftUpdateCheck = 1160;
				LastUpgradeCheck = 1160;
				ORGANIZATIONNAME = JomiC;
				TargetAttributes = {
					DCF7306D24CA1C1F000A92F5 = {
						CreatedOnToolsVersion = 11.6;
					};
				};
			};
			buildConfigurationList = DCF7306924CA1C1E000A92F5 /* Build configuration list for PBXProject "Programmers" */;
			compatibilityVersion = "Xcode 9.3";
			developmentRegion = en;
			hasScannedForEncodings = 0;
			knownRegions = (
				en,
				Base,
			);
			mainGroup = DCF7306524CA1C1E000A92F5;
			productRefGroup = DCF7306F24CA1C1F000A92F5 /* Products */;
			projectDirPath = "";
			projectRoot = "";
			targets = (
				DCF7306D24CA1C1F000A92F5 /* Programmers */,
			);
		};
/* End PBXProject section */

/* Begin PBXResourcesBuildPhase section */
		DCF7306C24CA1C1F000A92F5 /* Resources */ = {
			isa = PBXResourcesBuildPhase;
			buildActionMask = 2147483647;
			files = (
				DCF7307E24CA1C20000A92F5 /* LaunchScreen.storyboard in Resources */,
				DCF7307B24CA1C20000A92F5 /* Assets.xcassets in Resources */,
				DCF7307924CA1C1F000A92F5 /* Main.storyboard in Resources */,
			);
			runOnlyForDeploymentPostprocessing = 0;
		};
/* End PBXResourcesBuildPhase section */

/* Begin PBXSourcesBuildPhase section */
		DCF7306A24CA1C1F000A92F5 /* Sources */ = {
			isa = PBXSourcesBuildPhase;
			buildActionMask = 2147483647;
			files = (
				DCF7307624CA1C1F000A92F5 /* ViewController.swift in Sources */,
				DC60840824F28AD30064E027 /* GymSuit.swift in Sources */,
				DCF7308824CA1C5B000A92F5 /* Mock Exam.swift in Sources */,
				DC4E06F224EBE6E20067CABD /* KNumber.swift in Sources */,
				DCF7307224CA1C1F000A92F5 /* AppDelegate.swift in Sources */,
				DCF7308624CA1C33000A92F5 /* Crane Game.swift in Sources */,
				DCF7307424CA1C1F000A92F5 /* SceneDelegate.swift in Sources */,
			);
			runOnlyForDeploymentPostprocessing = 0;
		};
/* End PBXSourcesBuildPhase section */

/* Begin PBXVariantGroup section */
		DCF7307724CA1C1F000A92F5 /* Main.storyboard */ = {
			isa = PBXVariantGroup;
			children = (
				DCF7307824CA1C1F000A92F5 /* Base */,
			);
			name = Main.storyboard;
			sourceTree = "<group>";
		};
		DCF7307C24CA1C20000A92F5 /* LaunchScreen.storyboard */ = {
			isa = PBXVariantGroup;
			children = (
				DCF7307D24CA1C20000A92F5 /* Base */,
			);
			name = LaunchScreen.storyboard;
			sourceTree = "<group>";
		};
/* End PBXVariantGroup section */

/* Begin XCBuildConfiguration section */
		DCF7308024CA1C20000A92F5 /* Debug */ = {
			isa = XCBuildConfiguration;
			buildSettings = {
				ALWAYS_SEARCH_USER_PATHS = NO;
				CLANG_ANALYZER_NONNULL = YES;
				CLANG_ANALYZER_NUMBER_OBJECT_CONVERSION = YES_AGGRESSIVE;
				CLANG_CXX_LANGUAGE_STANDARD = "gnu++14";
				CLANG_CXX_LIBRARY = "libc++";
				CLANG_ENABLE_MODULES = YES;
				CLANG_ENABLE_OBJC_ARC = YES;
				CLANG_ENABLE_OBJC_WEAK = YES;
				CLANG_WARN_BLOCK_CAPTURE_AUTORELEASING = YES;
				CLANG_WARN_BOOL_CONVERSION = YES;
				CLANG_WARN_COMMA = YES;
				CLANG_WARN_CONSTANT_CONVERSION = YES;
				CLANG_WARN_DEPRECATED_OBJC_IMPLEMENTATIONS = YES;
				CLANG_WARN_DIRECT_OBJC_ISA_USAGE = YES_ERROR;
				CLANG_WARN_DOCUMENTATION_COMMENTS = YES;
				CLANG_WARN_EMPTY_BODY = YES;
				CLANG_WARN_ENUM_CONVERSION = YES;
				CLANG_WARN_INFINITE_RECURSION = YES;
				CLANG_WARN_INT_CONVERSION = YES;
				CLANG_WARN_NON_LITERAL_NULL_CONVERSION = YES;
				CLANG_WARN_OBJC_IMPLICIT_RETAIN_SELF = YES;
				CLANG_WARN_OBJC_LITERAL_CONVERSION = YES;
				CLANG_WARN_OBJC_ROOT_CLASS = YES_ERROR;
				CLANG_WARN_RANGE_LOOP_ANALYSIS = YES;
				CLANG_WARN_STRICT_PROTOTYPES = YES;
				CLANG_WARN_SUSPICIOUS_MOVE = YES;
				CLANG_WARN_UNGUARDED_AVAILABILITY = YES_AGGRESSIVE;
				CLANG_WARN_UNREACHABLE_CODE = YES;
				CLANG_WARN__DUPLICATE_METHOD_MATCH = YES;
				COPY_PHASE_STRIP = NO;
				DEBUG_INFORMATION_FORMAT = dwarf;
				ENABLE_STRICT_OBJC_MSGSEND = YES;
				ENABLE_TESTABILITY = YES;
				GCC_C_LANGUAGE_STANDARD = gnu11;
				GCC_DYNAMIC_NO_PIC = NO;
				GCC_NO_COMMON_BLOCKS = YES;
				GCC_OPTIMIZATION_LEVEL = 0;
				GCC_PREPROCESSOR_DEFINITIONS = (
					"DEBUG=1",
					"$(inherited)",
				);
				GCC_WARN_64_TO_32_BIT_CONVERSION = YES;
				GCC_WARN_ABOUT_RETURN_TYPE = YES_ERROR;
				GCC_WARN_UNDECLARED_SELECTOR = YES;
				GCC_WARN_UNINITIALIZED_AUTOS = YES_AGGRESSIVE;
				GCC_WARN_UNUSED_FUNCTION = YES;
				GCC_WARN_UNUSED_VARIABLE = YES;
				IPHONEOS_DEPLOYMENT_TARGET = 13.6;
				MTL_ENABLE_DEBUG_INFO = INCLUDE_SOURCE;
				MTL_FAST_MATH = YES;
				ONLY_ACTIVE_ARCH = YES;
				SDKROOT = iphoneos;
				SWIFT_ACTIVE_COMPILATION_CONDITIONS = DEBUG;
				SWIFT_OPTIMIZATION_LEVEL = "-Onone";
			};
			name = Debug;
		};
		DCF7308124CA1C20000A92F5 /* Release */ = {
			isa = XCBuildConfiguration;
			buildSettings = {
				ALWAYS_SEARCH_USER_PATHS = NO;
				CLANG_ANALYZER_NONNULL = YES;
				CLANG_ANALYZER_NUMBER_OBJECT_CONVERSION = YES_AGGRESSIVE;
				CLANG_CXX_LANGUAGE_STANDARD = "gnu++14";
				CLANG_CXX_LIBRARY = "libc++";
				CLANG_ENABLE_MODULES = YES;
				CLANG_ENABLE_OBJC_ARC = YES;
				CLANG_ENABLE_OBJC_WEAK = YES;
				CLANG_WARN_BLOCK_CAPTURE_AUTORELEASING = YES;
				CLANG_WARN_BOOL_CONVERSION = YES;
				CLANG_WARN_COMMA = YES;
				CLANG_WARN_CONSTANT_CONVERSION = YES;
				CLANG_WARN_DEPRECATED_OBJC_IMPLEMENTATIONS = YES;
				CLANG_WARN_DIRECT_OBJC_ISA_USAGE = YES_ERROR;
				CLANG_WARN_DOCUMENTATION_COMMENTS = YES;
				CLANG_WARN_EMPTY_BODY = YES;
				CLANG_WARN_ENUM_CONVERSION = YES;
				CLANG_WARN_INFINITE_RECURSION = YES;
				CLANG_WARN_INT_CONVERSION = YES;
				CLANG_WARN_NON_LITERAL_NULL_CONVERSION = YES;
				CLANG_WARN_OBJC_IMPLICIT_RETAIN_SELF = YES;
				CLANG_WARN_OBJC_LITERAL_CONVERSION = YES;
				CLANG_WARN_OBJC_ROOT_CLASS = YES_ERROR;
				CLANG_WARN_RANGE_LOOP_ANALYSIS = YES;
				CLANG_WARN_STRICT_PROTOTYPES = YES;
				CLANG_WARN_SUSPICIOUS_MOVE = YES;
				CLANG_WARN_UNGUARDED_AVAILABILITY = YES_AGGRESSIVE;
				CLANG_WARN_UNREACHABLE_CODE = YES;
				CLANG_WARN__DUPLICATE_METHOD_MATCH = YES;
				COPY_PHASE_STRIP = NO;
				DEBUG_INFORMATION_FORMAT = "dwarf-with-dsym";
				ENABLE_NS_ASSERTIONS = NO;
				ENABLE_STRICT_OBJC_MSGSEND = YES;
				GCC_C_LANGUAGE_STANDARD = gnu11;
				GCC_NO_COMMON_BLOCKS = YES;
				GCC_WARN_64_TO_32_BIT_CONVERSION = YES;
				GCC_WARN_ABOUT_RETURN_TYPE = YES_ERROR;
				GCC_WARN_UNDECLARED_SELECTOR = YES;
				GCC_WARN_UNINITIALIZED_AUTOS = YES_AGGRESSIVE;
				GCC_WARN_UNUSED_FUNCTION = YES;
				GCC_WARN_UNUSED_VARIABLE = YES;
				IPHONEOS_DEPLOYMENT_TARGET = 13.6;
				MTL_ENABLE_DEBUG_INFO = NO;
				MTL_FAST_MATH = YES;
				SDKROOT = iphoneos;
				SWIFT_COMPILATION_MODE = wholemodule;
				SWIFT_OPTIMIZATION_LEVEL = "-O";
				VALIDATE_PRODUCT = YES;
			};
			name = Release;
		};
		DCF7308324CA1C20000A92F5 /* Debug */ = {
			isa = XCBuildConfiguration;
			buildSettings = {
				ASSETCATALOG_COMPILER_APPICON_NAME = AppIcon;
				CODE_SIGN_STYLE = Automatic;
				DEVELOPMENT_TEAM = TVWD3JU467;
				INFOPLIST_FILE = Programmers/Info.plist;
				LD_RUNPATH_SEARCH_PATHS = (
					"$(inherited)",
					"@executable_path/Frameworks",
				);
				PRODUCT_BUNDLE_IDENTIFIER = jeong.JomiC.Programmers;
				PRODUCT_NAME = "$(TARGET_NAME)";
				SWIFT_VERSION = 5.0;
				TARGETED_DEVICE_FAMILY = "1,2";
			};
			name = Debug;
		};
		DCF7308424CA1C20000A92F5 /* Release */ = {
			isa = XCBuildConfiguration;
			buildSettings = {
				ASSETCATALOG_COMPILER_APPICON_NAME = AppIcon;
				CODE_SIGN_STYLE = Automatic;
				DEVELOPMENT_TEAM = TVWD3JU467;
				INFOPLIST_FILE = Programmers/Info.plist;
				LD_RUNPATH_SEARCH_PATHS = (
					"$(inherited)",
					"@executable_path/Frameworks",
				);
				PRODUCT_BUNDLE_IDENTIFIER = jeong.JomiC.Programmers;
				PRODUCT_NAME = "$(TARGET_NAME)";
				SWIFT_VERSION = 5.0;
				TARGETED_DEVICE_FAMILY = "1,2";
			};
			name = Release;
		};
/* End XCBuildConfiguration section */

/* Begin XCConfigurationList section */
		DCF7306924CA1C1E000A92F5 /* Build configuration list for PBXProject "Programmers" */ = {
			isa = XCConfigurationList;
			buildConfigurations = (
				DCF7308024CA1C20000A92F5 /* Debug */,
				DCF7308124CA1C20000A92F5 /* Release */,
			);
			defaultConfigurationIsVisible = 0;
			defaultConfigurationName = Release;
		};
		DCF7308224CA1C20000A92F5 /* Build configuration list for PBXNativeTarget "Programmers" */ = {
			isa = XCConfigurationList;
			buildConfigurations = (
				DCF7308324CA1C20000A92F5 /* Debug */,
				DCF7308424CA1C20000A92F5 /* Release */,
			);
			defaultConfigurationIsVisible = 0;
			defaultConfigurationName = Release;
		};
/* End XCConfigurationList section */
	};
	rootObject = DCF7306624CA1C1E000A92F5 /* Project object */;
}
